// !$*UTF8*$!
{
	archiveVersion = 1;
	classes = {
	};
	objectVersion = 46;
	objects = {

/* Begin PBXBuildFile section */
		1905C94D1EE7BAD400F6F202 /* AppDelegate.swift in Sources */ = {isa = PBXBuildFile; fileRef = 1905C94C1EE7BAD400F6F202 /* AppDelegate.swift */; };
		1905C94F1EE7BAD400F6F202 /* SignInVC.swift in Sources */ = {isa = PBXBuildFile; fileRef = 1905C94E1EE7BAD400F6F202 /* SignInVC.swift */; };
		1905C9521EE7BAD400F6F202 /* Main.storyboard in Resources */ = {isa = PBXBuildFile; fileRef = 1905C9501EE7BAD400F6F202 /* Main.storyboard */; };
		1905C9541EE7BAD400F6F202 /* Assets.xcassets in Resources */ = {isa = PBXBuildFile; fileRef = 1905C9531EE7BAD400F6F202 /* Assets.xcassets */; };
		1905C9571EE7BAD400F6F202 /* LaunchScreen.storyboard in Resources */ = {isa = PBXBuildFile; fileRef = 1905C9551EE7BAD400F6F202 /* LaunchScreen.storyboard */; };
		1905C95F1EE7BC1C00F6F202 /* GoogleService-Info.plist in Resources */ = {isa = PBXBuildFile; fileRef = 1905C95E1EE7BC1C00F6F202 /* GoogleService-Info.plist */; };
		195CD79F1EE7D7E400DB3231 /* GROM-SQUAD.png in Resources */ = {isa = PBXBuildFile; fileRef = 195CD79E1EE7D7E400DB3231 /* GROM-SQUAD.png */; };
		195CD7A11EE7E9E700DB3231 /* CustomHeaderView.swift in Sources */ = {isa = PBXBuildFile; fileRef = 195CD7A01EE7E9E700DB3231 /* CustomHeaderView.swift */; };
		195CD7A41EE7EAD100DB3231 /* Constants.swift in Sources */ = {isa = PBXBuildFile; fileRef = 195CD7A31EE7EAD100DB3231 /* Constants.swift */; };
		195CD7A61EE7EE1600DB3231 /* RoundButton.swift in Sources */ = {isa = PBXBuildFile; fileRef = 195CD7A51EE7EE1600DB3231 /* RoundButton.swift */; };
		195CD7A81EE7F06900DB3231 /* CustomTextField.swift in Sources */ = {isa = PBXBuildFile; fileRef = 195CD7A71EE7F06900DB3231 /* CustomTextField.swift */; };
		195CD7AA1EE7F29800DB3231 /* CustomSignInButton.swift in Sources */ = {isa = PBXBuildFile; fileRef = 195CD7A91EE7F29800DB3231 /* CustomSignInButton.swift */; };
		195CD7AC1EE7F5CA00DB3231 /* CustomUITopBar.swift in Sources */ = {isa = PBXBuildFile; fileRef = 195CD7AB1EE7F5CA00DB3231 /* CustomUITopBar.swift */; };
		195CD7AE1EE7F64200DB3231 /* CustomUIBottomBar.swift in Sources */ = {isa = PBXBuildFile; fileRef = 195CD7AD1EE7F64200DB3231 /* CustomUIBottomBar.swift */; };
		AFB13DD0B175A08120DA9E4C /* Pods_devslopesSocial.framework in Frameworks */ = {isa = PBXBuildFile; fileRef = 65829022827D2C31B0C40E55 /* Pods_devslopesSocial.framework */; };
/* End PBXBuildFile section */

/* Begin PBXFileReference section */
		1905C9491EE7BAD400F6F202 /* devslopesSocial.app */ = {isa = PBXFileReference; explicitFileType = wrapper.application; includeInIndex = 0; path = devslopesSocial.app; sourceTree = BUILT_PRODUCTS_DIR; };
		1905C94C1EE7BAD400F6F202 /* AppDelegate.swift */ = {isa = PBXFileReference; lastKnownFileType = sourcecode.swift; path = AppDelegate.swift; sourceTree = "<group>"; };
		1905C94E1EE7BAD400F6F202 /* SignInVC.swift */ = {isa = PBXFileReference; lastKnownFileType = sourcecode.swift; path = SignInVC.swift; sourceTree = "<group>"; };
		1905C9511EE7BAD400F6F202 /* Base */ = {isa = PBXFileReference; lastKnownFileType = file.storyboard; name = Base; path = Base.lproj/Main.storyboard; sourceTree = "<group>"; };
		1905C9531EE7BAD400F6F202 /* Assets.xcassets */ = {isa = PBXFileReference; lastKnownFileType = folder.assetcatalog; path = Assets.xcassets; sourceTree = "<group>"; };
		1905C9561EE7BAD400F6F202 /* Base */ = {isa = PBXFileReference; lastKnownFileType = file.storyboard; name = Base; path = Base.lproj/LaunchScreen.storyboard; sourceTree = "<group>"; };
		1905C9581EE7BAD400F6F202 /* Info.plist */ = {isa = PBXFileReference; lastKnownFileType = text.plist.xml; path = Info.plist; sourceTree = "<group>"; };
		1905C95E1EE7BC1C00F6F202 /* GoogleService-Info.plist */ = {isa = PBXFileReference; fileEncoding = 4; lastKnownFileType = text.plist.xml; path = "GoogleService-Info.plist"; sourceTree = "<group>"; };
		195CD79E1EE7D7E400DB3231 /* GROM-SQUAD.png */ = {isa = PBXFileReference; lastKnownFileType = image.png; path = "GROM-SQUAD.png"; sourceTree = "<group>"; };
		195CD7A01EE7E9E700DB3231 /* CustomHeaderView.swift */ = {isa = PBXFileReference; fileEncoding = 4; lastKnownFileType = sourcecode.swift; path = CustomHeaderView.swift; sourceTree = "<group>"; };
		195CD7A31EE7EAD100DB3231 /* Constants.swift */ = {isa = PBXFileReference; fileEncoding = 4; lastKnownFileType = sourcecode.swift; path = Constants.swift; sourceTree = "<group>"; };
		195CD7A51EE7EE1600DB3231 /* RoundButton.swift */ = {isa = PBXFileReference; fileEncoding = 4; lastKnownFileType = sourcecode.swift; path = RoundButton.swift; sourceTree = "<group>"; };
		195CD7A71EE7F06900DB3231 /* CustomTextField.swift */ = {isa = PBXFileReference; fileEncoding = 4; lastKnownFileType = sourcecode.swift; path = CustomTextField.swift; sourceTree = "<group>"; };
		195CD7A91EE7F29800DB3231 /* CustomSignInButton.swift */ = {isa = PBXFileReference; fileEncoding = 4; lastKnownFileType = sourcecode.swift; path = CustomSignInButton.swift; sourceTree = "<group>"; };
		195CD7AB1EE7F5CA00DB3231 /* CustomUITopBar.swift */ = {isa = PBXFileReference; fileEncoding = 4; lastKnownFileType = sourcecode.swift; path = CustomUITopBar.swift; sourceTree = "<group>"; };
		195CD7AD1EE7F64200DB3231 /* CustomUIBottomBar.swift */ = {isa = PBXFileReference; fileEncoding = 4; lastKnownFileType = sourcecode.swift; path = CustomUIBottomBar.swift; sourceTree = "<group>"; };
		65829022827D2C31B0C40E55 /* Pods_devslopesSocial.framework */ = {isa = PBXFileReference; explicitFileType = wrapper.framework; includeInIndex = 0; path = Pods_devslopesSocial.framework; sourceTree = BUILT_PRODUCTS_DIR; };
		A5743E394A0BF04E8B837F0C /* Pods-devslopesSocial.release.xcconfig */ = {isa = PBXFileReference; includeInIndex = 1; lastKnownFileType = text.xcconfig; name = "Pods-devslopesSocial.release.xcconfig"; path = "Pods/Target Support Files/Pods-devslopesSocial/Pods-devslopesSocial.release.xcconfig"; sourceTree = "<group>"; };
		FD56597D5104575DAA945719 /* Pods-devslopesSocial.debug.xcconfig */ = {isa = PBXFileReference; includeInIndex = 1; lastKnownFileType = text.xcconfig; name = "Pods-devslopesSocial.debug.xcconfig"; path = "Pods/Target Support Files/Pods-devslopesSocial/Pods-devslopesSocial.debug.xcconfig"; sourceTree = "<group>"; };
/* End PBXFileReference section */

/* Begin PBXFrameworksBuildPhase section */
		1905C9461EE7BAD400F6F202 /* Frameworks */ = {
			isa = PBXFrameworksBuildPhase;
			buildActionMask = 2147483647;
			files = (
				AFB13DD0B175A08120DA9E4C /* Pods_devslopesSocial.framework in Frameworks */,
			);
			runOnlyForDeploymentPostprocessing = 0;
		};
/* End PBXFrameworksBuildPhase section */

/* Begin PBXGroup section */
		1905C9401EE7BAD400F6F202 = {
			isa = PBXGroup;
			children = (
				1905C94B1EE7BAD400F6F202 /* devslopesSocial */,
				1905C94A1EE7BAD400F6F202 /* Products */,
				E711FC8AB5D528D408D36A61 /* Pods */,
				8FA9A229A6EF8A7756835AD2 /* Frameworks */,
			);
			sourceTree = "<group>";
		};
		1905C94A1EE7BAD400F6F202 /* Products */ = {
			isa = PBXGroup;
			children = (
				1905C9491EE7BAD400F6F202 /* devslopesSocial.app */,
			);
			name = Products;
			sourceTree = "<group>";
		};
		1905C94B1EE7BAD400F6F202 /* devslopesSocial */ = {
			isa = PBXGroup;
			children = (
				195CD7A21EE7EAA700DB3231 /* Utilities */,
				195CD79D1EE7D7C900DB3231 /* Resources */,
				195CD79C1EE7C21800DB3231 /* Model */,
				195CD79B1EE7C1E100DB3231 /* controller */,
				195CD79A1EE7C1D900DB3231 /* View */,
				1905C94C1EE7BAD400F6F202 /* AppDelegate.swift */,
				1905C9501EE7BAD400F6F202 /* Main.storyboard */,
				1905C9531EE7BAD400F6F202 /* Assets.xcassets */,
				1905C9551EE7BAD400F6F202 /* LaunchScreen.storyboard */,
				1905C9581EE7BAD400F6F202 /* Info.plist */,
				1905C95E1EE7BC1C00F6F202 /* GoogleService-Info.plist */,
			);
			path = devslopesSocial;
			sourceTree = "<group>";
		};
		195CD79A1EE7C1D900DB3231 /* View */ = {
			isa = PBXGroup;
			children = (
				195CD7A01EE7E9E700DB3231 /* CustomHeaderView.swift */,
				195CD7A51EE7EE1600DB3231 /* RoundButton.swift */,
				195CD7A71EE7F06900DB3231 /* CustomTextField.swift */,
				195CD7A91EE7F29800DB3231 /* CustomSignInButton.swift */,
				195CD7AB1EE7F5CA00DB3231 /* CustomUITopBar.swift */,
				195CD7AD1EE7F64200DB3231 /* CustomUIBottomBar.swift */,
			);
			name = View;
			sourceTree = "<group>";
		};
		195CD79B1EE7C1E100DB3231 /* controller */ = {
			isa = PBXGroup;
			children = (
				1905C94E1EE7BAD400F6F202 /* SignInVC.swift */,
			);
			name = controller;
			sourceTree = "<group>";
		};
		195CD79C1EE7C21800DB3231 /* Model */ = {
			isa = PBXGroup;
			children = (
			);
			name = Model;
			sourceTree = "<group>";
		};
		195CD79D1EE7D7C900DB3231 /* Resources */ = {
			isa = PBXGroup;
			children = (
				195CD79E1EE7D7E400DB3231 /* GROM-SQUAD.png */,
			);
			name = Resources;
			sourceTree = "<group>";
		};
		195CD7A21EE7EAA700DB3231 /* Utilities */ = {
			isa = PBXGroup;
			children = (
				195CD7A31EE7EAD100DB3231 /* Constants.swift */,
			);
			name = Utilities;
			sourceTree = "<group>";
		};
		8FA9A229A6EF8A7756835AD2 /* Frameworks */ = {
			isa = PBXGroup;
			children = (
				65829022827D2C31B0C40E55 /* Pods_devslopesSocial.framework */,
			);
			name = Frameworks;
			sourceTree = "<group>";
		};
		E711FC8AB5D528D408D36A61 /* Pods */ = {
			isa = PBXGroup;
			children = (
				FD56597D5104575DAA945719 /* Pods-devslopesSocial.debug.xcconfig */,
				A5743E394A0BF04E8B837F0C /* Pods-devslopesSocial.release.xcconfig */,
			);
			name = Pods;
			sourceTree = "<group>";
		};
/* End PBXGroup section */

/* Begin PBXNativeTarget section */
		1905C9481EE7BAD400F6F202 /* devslopesSocial */ = {
			isa = PBXNativeTarget;
			buildConfigurationList = 1905C95B1EE7BAD400F6F202 /* Build configuration list for PBXNativeTarget "devslopesSocial" */;
			buildPhases = (
				88C42EE30FFA990E45D28EEB /* [CP] Check Pods Manifest.lock */,
				1905C9451EE7BAD400F6F202 /* Sources */,
				1905C9461EE7BAD400F6F202 /* Frameworks */,
				1905C9471EE7BAD400F6F202 /* Resources */,
				46F44DED2E3DE66F828E35F2 /* [CP] Embed Pods Frameworks */,
				D962DF8001BF17A03E51503A /* [CP] Copy Pods Resources */,
			);
			buildRules = (
			);
			dependencies = (
			);
			name = devslopesSocial;
			productName = devslopesSocial;
			productReference = 1905C9491EE7BAD400F6F202 /* devslopesSocial.app */;
			productType = "com.apple.product-type.application";
		};
/* End PBXNativeTarget section */

/* Begin PBXProject section */
		1905C9411EE7BAD400F6F202 /* Project object */ = {
			isa = PBXProject;
			attributes = {
				LastSwiftUpdateCheck = 0830;
				LastUpgradeCheck = 0830;
				ORGANIZATIONNAME = "Ryan  Martino";
				TargetAttributes = {
					1905C9481EE7BAD400F6F202 = {
						CreatedOnToolsVersion = 8.3.2;
						DevelopmentTeam = D3USJL7CK2;
						ProvisioningStyle = Automatic;
					};
				};
			};
			buildConfigurationList = 1905C9441EE7BAD400F6F202 /* Build configuration list for PBXProject "devslopesSocial" */;
			compatibilityVersion = "Xcode 3.2";
			developmentRegion = English;
			hasScannedForEncodings = 0;
			knownRegions = (
				en,
				Base,
			);
			mainGroup = 1905C9401EE7BAD400F6F202;
			productRefGroup = 1905C94A1EE7BAD400F6F202 /* Products */;
			projectDirPath = "";
			projectRoot = "";
			targets = (
				1905C9481EE7BAD400F6F202 /* devslopesSocial */,
			);
		};
/* End PBXProject section */

/* Begin PBXResourcesBuildPhase section */
		1905C9471EE7BAD400F6F202 /* Resources */ = {
			isa = PBXResourcesBuildPhase;
			buildActionMask = 2147483647;
			files = (
				1905C9571EE7BAD400F6F202 /* LaunchScreen.storyboard in Resources */,
				1905C9541EE7BAD400F6F202 /* Assets.xcassets in Resources */,
				1905C95F1EE7BC1C00F6F202 /* GoogleService-Info.plist in Resources */,
				1905C9521EE7BAD400F6F202 /* Main.storyboard in Resources */,
				195CD79F1EE7D7E400DB3231 /* GROM-SQUAD.png in Resources */,
			);
			runOnlyForDeploymentPostprocessing = 0;
		};
/* End PBXResourcesBuildPhase section */

/* Begin PBXShellScriptBuildPhase section */
		46F44DED2E3DE66F828E35F2 /* [CP] Embed Pods Frameworks */ = {
			isa = PBXShellScriptBuildPhase;
			buildActionMask = 2147483647;
			files = (
			);
			inputPaths = (
			);
			name = "[CP] Embed Pods Frameworks";
			outputPaths = (
			);
			runOnlyForDeploymentPostprocessing = 0;
			shellPath = /bin/sh;
			shellScript = "\"${SRCROOT}/Pods/Target Support Files/Pods-devslopesSocial/Pods-devslopesSocial-frameworks.sh\"\n";
			showEnvVarsInLog = 0;
		};
		88C42EE30FFA990E45D28EEB /* [CP] Check Pods Manifest.lock */ = {
			isa = PBXShellScriptBuildPhase;
			buildActionMask = 2147483647;
			files = (
			);
			inputPaths = (
			);
			name = "[CP] Check Pods Manifest.lock";
			outputPaths = (
			);
			runOnlyForDeploymentPostprocessing = 0;
			shellPath = /bin/sh;
			shellScript = "diff \"${PODS_PODFILE_DIR_PATH}/Podfile.lock\" \"${PODS_ROOT}/Manifest.lock\" > /dev/null\nif [ $? != 0 ] ; then\n    # print error to STDERR\n    echo \"error: The sandbox is not in sync with the Podfile.lock. Run 'pod install' or update your CocoaPods installation.\" >&2\n    exit 1\nfi\n";
			showEnvVarsInLog = 0;
		};
		D962DF8001BF17A03E51503A /* [CP] Copy Pods Resources */ = {
			isa = PBXShellScriptBuildPhase;
			buildActionMask = 2147483647;
			files = (
			);
			inputPaths = (
			);
			name = "[CP] Copy Pods Resources";
			outputPaths = (
			);
			runOnlyForDeploymentPostprocessing = 0;
			shellPath = /bin/sh;
			shellScript = "\"${SRCROOT}/Pods/Target Support Files/Pods-devslopesSocial/Pods-devslopesSocial-resources.sh\"\n";
			showEnvVarsInLog = 0;
		};
/* End PBXShellScriptBuildPhase section */

/* Begin PBXSourcesBuildPhase section */
		1905C9451EE7BAD400F6F202 /* Sources */ = {
			isa = PBXSourcesBuildPhase;
			buildActionMask = 2147483647;
			files = (
				195CD7AC1EE7F5CA00DB3231 /* CustomUITopBar.swift in Sources */,
				195CD7AE1EE7F64200DB3231 /* CustomUIBottomBar.swift in Sources */,
				195CD7AA1EE7F29800DB3231 /* CustomSignInButton.swift in Sources */,
				1905C94F1EE7BAD400F6F202 /* SignInVC.swift in Sources */,
				195CD7A61EE7EE1600DB3231 /* RoundButton.swift in Sources */,
				195CD7A81EE7F06900DB3231 /* CustomTextField.swift in Sources */,
				195CD7A11EE7E9E700DB3231 /* CustomHeaderView.swift in Sources */,
				1905C94D1EE7BAD400F6F202 /* AppDelegate.swift in Sources */,
				195CD7A41EE7EAD100DB3231 /* Constants.swift in Sources */,
			);
			runOnlyForDeploymentPostprocessing = 0;
		};
/* End PBXSourcesBuildPhase section */

/* Begin PBXVariantGroup section */
		1905C9501EE7BAD400F6F202 /* Main.storyboard */ = {
			isa = PBXVariantGroup;
			children = (
				1905C9511EE7BAD400F6F202 /* Base */,
			);
			name = Main.storyboard;
			sourceTree = "<group>";
		};
		1905C9551EE7BAD400F6F202 /* LaunchScreen.storyboard */ = {
			isa = PBXVariantGroup;
			children = (
				1905C9561EE7BAD400F6F202 /* Base */,
			);
			name = LaunchScreen.storyboard;
			sourceTree = "<group>";
		};
/* End PBXVariantGroup section */

/* Begin XCBuildConfiguration section */
		1905C9591EE7BAD400F6F202 /* Debug */ = {
			isa = XCBuildConfiguration;
			buildSettings = {
				ALWAYS_SEARCH_USER_PATHS = NO;
				CLANG_ANALYZER_NONNULL = YES;
				CLANG_ANALYZER_NUMBER_OBJECT_CONVERSION = YES_AGGRESSIVE;
				CLANG_CXX_LANGUAGE_STANDARD = "gnu++0x";
				CLANG_CXX_LIBRARY = "libc++";
				CLANG_ENABLE_MODULES = YES;
				CLANG_ENABLE_OBJC_ARC = YES;
				CLANG_WARN_BOOL_CONVERSION = YES;
				CLANG_WARN_CONSTANT_CONVERSION = YES;
				CLANG_WARN_DIRECT_OBJC_ISA_USAGE = YES_ERROR;
				CLANG_WARN_DOCUMENTATION_COMMENTS = YES;
				CLANG_WARN_EMPTY_BODY = YES;
				CLANG_WARN_ENUM_CONVERSION = YES;
				CLANG_WARN_INFINITE_RECURSION = YES;
				CLANG_WARN_INT_CONVERSION = YES;
				CLANG_WARN_OBJC_ROOT_CLASS = YES_ERROR;
				CLANG_WARN_SUSPICIOUS_MOVE = YES;
				CLANG_WARN_UNREACHABLE_CODE = YES;
				CLANG_WARN__DUPLICATE_METHOD_MATCH = YES;
				"CODE_SIGN_IDENTITY[sdk=iphoneos*]" = "iPhone Developer";
				COPY_PHASE_STRIP = NO;
				DEBUG_INFORMATION_FORMAT = dwarf;
				ENABLE_STRICT_OBJC_MSGSEND = YES;
				ENABLE_TESTABILITY = YES;
				GCC_C_LANGUAGE_STANDARD = gnu99;
				GCC_DYNAMIC_NO_PIC = NO;
				GCC_NO_COMMON_BLOCKS = YES;
				GCC_OPTIMIZATION_LEVEL = 0;
				GCC_PREPROCESSOR_DEFINITIONS = (
					"DEBUG=1",
					"$(inherited)",
				);
				GCC_WARN_64_TO_32_BIT_CONVERSION = YES;
				GCC_WARN_ABOUT_RETURN_TYPE = YES_ERROR;
				GCC_WARN_UNDECLARED_SELECTOR = YES;
				GCC_WARN_UNINITIALIZED_AUTOS = YES_AGGRESSIVE;
				GCC_WARN_UNUSED_FUNCTION = YES;
				GCC_WARN_UNUSED_VARIABLE = YES;
				IPHONEOS_DEPLOYMENT_TARGET = 10.3;
				MTL_ENABLE_DEBUG_INFO = YES;
				ONLY_ACTIVE_ARCH = YES;
				SDKROOT = iphoneos;
				SWIFT_ACTIVE_COMPILATION_CONDITIONS = DEBUG;
				SWIFT_OPTIMIZATION_LEVEL = "-Onone";
				TARGETED_DEVICE_FAMILY = "1,2";
			};
			name = Debug;
		};
		1905C95A1EE7BAD400F6F202 /* Release */ = {
			isa = XCBuildConfiguration;
			buildSettings = {
				ALWAYS_SEARCH_USER_PATHS = NO;
				CLANG_ANALYZER_NONNULL = YES;
				CLANG_ANALYZER_NUMBER_OBJECT_CONVERSION = YES_AGGRESSIVE;
				CLANG_CXX_LANGUAGE_STANDARD = "gnu++0x";
				CLANG_CXX_LIBRARY = "libc++";
				CLANG_ENABLE_MODULES = YES;
				CLANG_ENABLE_OBJC_ARC = YES;
				CLANG_WARN_BOOL_CONVERSION = YES;
				CLANG_WARN_CONSTANT_CONVERSION = YES;
				CLANG_WARN_DIRECT_OBJC_ISA_USAGE = YES_ERROR;
				CLANG_WARN_DOCUMENTATION_COMMENTS = YES;
				CLANG_WARN_EMPTY_BODY = YES;
				CLANG_WARN_ENUM_CONVERSION = YES;
				CLANG_WARN_INFINITE_RECURSION = YES;
				CLANG_WARN_INT_CONVERSION = YES;
				CLANG_WARN_OBJC_ROOT_CLASS = YES_ERROR;
				CLANG_WARN_SUSPICIOUS_MOVE = YES;
				CLANG_WARN_UNREACHABLE_CODE = YES;
				CLANG_WARN__DUPLICATE_METHOD_MATCH = YES;
				"CODE_SIGN_IDENTITY[sdk=iphoneos*]" = "iPhone Developer";
				COPY_PHASE_STRIP = NO;
				DEBUG_INFORMATION_FORMAT = "dwarf-with-dsym";
				ENABLE_NS_ASSERTIONS = NO;
				ENABLE_STRICT_OBJC_MSGSEND = YES;
				GCC_C_LANGUAGE_STANDARD = gnu99;
				GCC_NO_COMMON_BLOCKS = YES;
				GCC_WARN_64_TO_32_BIT_CONVERSION = YES;
				GCC_WARN_ABOUT_RETURN_TYPE = YES_ERROR;
				GCC_WARN_UNDECLARED_SELECTOR = YES;
				GCC_WARN_UNINITIALIZED_AUTOS = YES_AGGRESSIVE;
				GCC_WARN_UNUSED_FUNCTION = YES;
				GCC_WARN_UNUSED_VARIABLE = YES;
				IPHONEOS_DEPLOYMENT_TARGET = 10.3;
				MTL_ENABLE_DEBUG_INFO = NO;
				SDKROOT = iphoneos;
				SWIFT_OPTIMIZATION_LEVEL = "-Owholemodule";
				TARGETED_DEVICE_FAMILY = "1,2";
				VALIDATE_PRODUCT = YES;
			};
			name = Release;
		};
		1905C95C1EE7BAD400F6F202 /* Debug */ = {
			isa = XCBuildConfiguration;
			baseConfigurationReference = FD56597D5104575DAA945719 /* Pods-devslopesSocial.debug.xcconfig */;
			buildSettings = {
				ASSETCATALOG_COMPILER_APPICON_NAME = AppIcon;
				DEVELOPMENT_TEAM = D3USJL7CK2;
				INFOPLIST_FILE = devslopesSocial/Info.plist;
				LD_RUNPATH_SEARCH_PATHS = "$(inherited) @executable_path/Frameworks";
				PRODUCT_BUNDLE_IDENTIFIER = irieek.devslopesSocial;
				PRODUCT_NAME = "$(TARGET_NAME)";
				SWIFT_VERSION = 3.0;
			};
			name = Debug;
		};
		1905C95D1EE7BAD400F6F202 /* Release */ = {
			isa = XCBuildConfiguration;
			baseConfigurationReference = A5743E394A0BF04E8B837F0C /* Pods-devslopesSocial.release.xcconfig */;
			buildSettings = {
				ASSETCATALOG_COMPILER_APPICON_NAME = AppIcon;
				DEVELOPMENT_TEAM = D3USJL7CK2;
				INFOPLIST_FILE = devslopesSocial/Info.plist;
				LD_RUNPATH_SEARCH_PATHS = "$(inherited) @executable_path/Frameworks";
				PRODUCT_BUNDLE_IDENTIFIER = irieek.devslopesSocial;
				PRODUCT_NAME = "$(TARGET_NAME)";
				SWIFT_VERSION = 3.0;
			};
			name = Release;
		};
/* End XCBuildConfiguration section */

/* Begin XCConfigurationList section */
		1905C9441EE7BAD400F6F202 /* Build configuration list for PBXProject "devslopesSocial" */ = {
			isa = XCConfigurationList;
			buildConfigurations = (
				1905C9591EE7BAD400F6F202 /* Debug */,
				1905C95A1EE7BAD400F6F202 /* Release */,
			);
			defaultConfigurationIsVisible = 0;
			defaultConfigurationName = Release;
		};
		1905C95B1EE7BAD400F6F202 /* Build configuration list for PBXNativeTarget "devslopesSocial" */ = {
			isa = XCConfigurationList;
			buildConfigurations = (
				1905C95C1EE7BAD400F6F202 /* Debug */,
				1905C95D1EE7BAD400F6F202 /* Release */,
			);
			defaultConfigurationIsVisible = 0;
			defaultConfigurationName = Release;
		};
/* End XCConfigurationList section */
	};
	rootObject = 1905C9411EE7BAD400F6F202 /* Project object */;
}
